
Microsoft Visual Studio Solution File, Format Version 11.00
# Visual Studio 2010
Project("{FAE04EC0-301F-11D3-BF4B-00C04F79EFBC}") = "AWSSDK_iOS", "AWSSDK_iOS.csproj", "{30B51135-B4D3-4BF0-9E32-E3E2F5BBE6F5}"
EndProject
Project("{FAE04EC0-301F-11D3-BF4B-00C04F79EFBC}") = "AWSSDK_Android", "AWSSDK_Android.csproj", "{078E8F40-8259-4C39-9CDC-8AC2F4A0BE3A}"
EndProject
Project("{2150E333-8FDC-42A3-9474-1A3956D46DE8}") = "Samples", "Samples", "{12642A31-1BBB-424E-A751-93249D9052BC}"
EndProject
Project("{2150E333-8FDC-42A3-9474-1A3956D46DE8}") = "Android", "Android", "{E118BD8B-CFB1-4EDB-ADD7-FB608DB01357}"
EndProject
Project("{FAE04EC0-301F-11D3-BF4B-00C04F79EFBC}") = "S3.Sample", "AWSSDK_Android.S3.Sample\S3.Sample.csproj", "{7E56FFCA-3F49-4A5E-AF98-9A9381999149}"
EndProject
Project("{FAE04EC0-301F-11D3-BF4B-00C04F79EFBC}") = "DynamoDB.Sample", "AWSSDK_Android.Sample.DynamoDB\DynamoDB.Sample.csproj", "{2FA19B23-D178-4148-AF51-6F92CE118ED6}"
EndProject
Project("{FAE04EC0-301F-11D3-BF4B-00C04F79EFBC}") = "SimpleDB.Sample", "AWSSDK_Android.Sample.SimpleDB\SimpleDB.Sample.csproj", "{858D7C36-7DA7-4CCF-AB5C-F0D7E031CF7F}"
EndProject
Project("{FAE04EC0-301F-11D3-BF4B-00C04F79EFBC}") = "SNS.Sample", "AWSSDK_Android.Sample\SNS.Sample.csproj", "{8CDBD209-062C-455C-AA16-9BD46D0F37B2}"
EndProject
Project("{2150E333-8FDC-42A3-9474-1A3956D46DE8}") = "iOS", "iOS", "{E51610F5-3268-4FCD-9959-A43DAD69EC9E}"
EndProject
Project("{FAE04EC0-301F-11D3-BF4B-00C04F79EFBC}") = "S3.iOS.Sample", "AWSSDK_iOS.S3.Sample\S3.iOS.Sample.csproj", "{30142C5A-4CC6-4B43-AAFA-E5378C9C34E3}"
EndProject
Project("{FAE04EC0-301F-11D3-BF4B-00C04F79EFBC}") = "AWSSDK_iOS.Sample.DynamoDB", "AWSSDK_iOS.Sample.DynamoDB\AWSSDK_iOS.Sample.DynamoDB.csproj", "{EB063F15-F071-4DC8-B27E-C9EE1F4A3973}"
EndProject
Project("{FAE04EC0-301F-11D3-BF4B-00C04F79EFBC}") = "AWSSDK_iOS.Sample.SimpleDB", "AWSSDK_iOS.Sample.SimpleDB\AWSSDK_iOS.Sample.SimpleDB.csproj", "{A8CD3DB6-B798-4830-8E9D-A65140F45A91}"
EndProject
Project("{FAE04EC0-301F-11D3-BF4B-00C04F79EFBC}") = "AWSSDK_iOS.Sns.Sample", "AWSSDK_iOS.SnsSample\AWSSDK_iOS.Sns.Sample.csproj", "{E522B3C1-6323-4340-B285-241ADD54D0BB}"
EndProject
Global
	GlobalSection(SolutionConfigurationPlatforms) = preSolution
		Debug|Any CPU = Debug|Any CPU
		Release|Any CPU = Release|Any CPU
		Debug|iPhoneSimulator = Debug|iPhoneSimulator
		Release|iPhoneSimulator = Release|iPhoneSimulator
		Debug|iPhone = Debug|iPhone
		Release|iPhone = Release|iPhone
		Ad-Hoc|iPhone = Ad-Hoc|iPhone
		AppStore|iPhone = AppStore|iPhone
	EndGlobalSection
	GlobalSection(ProjectConfigurationPlatforms) = postSolution
		{078E8F40-8259-4C39-9CDC-8AC2F4A0BE3A}.Ad-Hoc|iPhone.ActiveCfg = Debug|Any CPU
		{078E8F40-8259-4C39-9CDC-8AC2F4A0BE3A}.Ad-Hoc|iPhone.Build.0 = Debug|Any CPU
		{078E8F40-8259-4C39-9CDC-8AC2F4A0BE3A}.AppStore|iPhone.ActiveCfg = Debug|Any CPU
		{078E8F40-8259-4C39-9CDC-8AC2F4A0BE3A}.AppStore|iPhone.Build.0 = Debug|Any CPU
		{078E8F40-8259-4C39-9CDC-8AC2F4A0BE3A}.Debug|Any CPU.ActiveCfg = Debug|Any CPU
		{078E8F40-8259-4C39-9CDC-8AC2F4A0BE3A}.Debug|Any CPU.Build.0 = Debug|Any CPU
		{078E8F40-8259-4C39-9CDC-8AC2F4A0BE3A}.Debug|iPhone.ActiveCfg = Debug|Any CPU
		{078E8F40-8259-4C39-9CDC-8AC2F4A0BE3A}.Debug|iPhone.Build.0 = Debug|Any CPU
		{078E8F40-8259-4C39-9CDC-8AC2F4A0BE3A}.Debug|iPhoneSimulator.ActiveCfg = Debug|Any CPU
		{078E8F40-8259-4C39-9CDC-8AC2F4A0BE3A}.Debug|iPhoneSimulator.Build.0 = Debug|Any CPU
		{078E8F40-8259-4C39-9CDC-8AC2F4A0BE3A}.Release|Any CPU.ActiveCfg = Release|Any CPU
		{078E8F40-8259-4C39-9CDC-8AC2F4A0BE3A}.Release|Any CPU.Build.0 = Release|Any CPU
		{078E8F40-8259-4C39-9CDC-8AC2F4A0BE3A}.Release|iPhone.ActiveCfg = Release|Any CPU
		{078E8F40-8259-4C39-9CDC-8AC2F4A0BE3A}.Release|iPhone.Build.0 = Release|Any CPU
		{078E8F40-8259-4C39-9CDC-8AC2F4A0BE3A}.Release|iPhoneSimulator.ActiveCfg = Release|Any CPU
		{078E8F40-8259-4C39-9CDC-8AC2F4A0BE3A}.Release|iPhoneSimulator.Build.0 = Release|Any CPU
		{2FA19B23-D178-4148-AF51-6F92CE118ED6}.Ad-Hoc|iPhone.ActiveCfg = Debug|Any CPU
		{2FA19B23-D178-4148-AF51-6F92CE118ED6}.Ad-Hoc|iPhone.Build.0 = Debug|Any CPU
		{2FA19B23-D178-4148-AF51-6F92CE118ED6}.AppStore|iPhone.ActiveCfg = Debug|Any CPU
		{2FA19B23-D178-4148-AF51-6F92CE118ED6}.AppStore|iPhone.Build.0 = Debug|Any CPU
		{2FA19B23-D178-4148-AF51-6F92CE118ED6}.Debug|Any CPU.ActiveCfg = Debug|Any CPU
		{2FA19B23-D178-4148-AF51-6F92CE118ED6}.Debug|Any CPU.Build.0 = Debug|Any CPU
		{2FA19B23-D178-4148-AF51-6F92CE118ED6}.Debug|iPhone.ActiveCfg = Debug|Any CPU
		{2FA19B23-D178-4148-AF51-6F92CE118ED6}.Debug|iPhone.Build.0 = Debug|Any CPU
		{2FA19B23-D178-4148-AF51-6F92CE118ED6}.Debug|iPhoneSimulator.ActiveCfg = Debug|Any CPU
		{2FA19B23-D178-4148-AF51-6F92CE118ED6}.Debug|iPhoneSimulator.Build.0 = Debug|Any CPU
		{2FA19B23-D178-4148-AF51-6F92CE118ED6}.Release|Any CPU.ActiveCfg = Release|Any CPU
		{2FA19B23-D178-4148-AF51-6F92CE118ED6}.Release|Any CPU.Build.0 = Release|Any CPU
		{2FA19B23-D178-4148-AF51-6F92CE118ED6}.Release|iPhone.ActiveCfg = Release|Any CPU
		{2FA19B23-D178-4148-AF51-6F92CE118ED6}.Release|iPhone.Build.0 = Release|Any CPU
		{2FA19B23-D178-4148-AF51-6F92CE118ED6}.Release|iPhoneSimulator.ActiveCfg = Release|Any CPU
		{2FA19B23-D178-4148-AF51-6F92CE118ED6}.Release|iPhoneSimulator.Build.0 = Release|Any CPU
		{30142C5A-4CC6-4B43-AAFA-E5378C9C34E3}.Ad-Hoc|iPhone.ActiveCfg = Ad-Hoc|iPhone
		{30142C5A-4CC6-4B43-AAFA-E5378C9C34E3}.Ad-Hoc|iPhone.Build.0 = Ad-Hoc|iPhone
		{30142C5A-4CC6-4B43-AAFA-E5378C9C34E3}.AppStore|iPhone.ActiveCfg = AppStore|iPhone
		{30142C5A-4CC6-4B43-AAFA-E5378C9C34E3}.AppStore|iPhone.Build.0 = AppStore|iPhone
		{30142C5A-4CC6-4B43-AAFA-E5378C9C34E3}.Debug|Any CPU.ActiveCfg = Debug|iPhoneSimulator
		{30142C5A-4CC6-4B43-AAFA-E5378C9C34E3}.Debug|Any CPU.Build.0 = Debug|iPhoneSimulator
		{30142C5A-4CC6-4B43-AAFA-E5378C9C34E3}.Debug|iPhone.ActiveCfg = Debug|iPhone
		{30142C5A-4CC6-4B43-AAFA-E5378C9C34E3}.Debug|iPhone.Build.0 = Debug|iPhone
		{30142C5A-4CC6-4B43-AAFA-E5378C9C34E3}.Debug|iPhoneSimulator.ActiveCfg = Debug|iPhoneSimulator
		{30142C5A-4CC6-4B43-AAFA-E5378C9C34E3}.Debug|iPhoneSimulator.Build.0 = Debug|iPhoneSimulator
		{30142C5A-4CC6-4B43-AAFA-E5378C9C34E3}.Release|Any CPU.ActiveCfg = Release|iPhoneSimulator
		{30142C5A-4CC6-4B43-AAFA-E5378C9C34E3}.Release|Any CPU.Build.0 = Release|iPhoneSimulator
		{30142C5A-4CC6-4B43-AAFA-E5378C9C34E3}.Release|iPhone.ActiveCfg = Release|iPhone
		{30142C5A-4CC6-4B43-AAFA-E5378C9C34E3}.Release|iPhone.Build.0 = Release|iPhone
		{30142C5A-4CC6-4B43-AAFA-E5378C9C34E3}.Release|iPhoneSimulator.ActiveCfg = Release|iPhoneSimulator
		{30142C5A-4CC6-4B43-AAFA-E5378C9C34E3}.Release|iPhoneSimulator.Build.0 = Release|iPhoneSimulator
		{30B51135-B4D3-4BF0-9E32-E3E2F5BBE6F5}.Ad-Hoc|iPhone.ActiveCfg = Debug|Any CPU
		{30B51135-B4D3-4BF0-9E32-E3E2F5BBE6F5}.Ad-Hoc|iPhone.Build.0 = Debug|Any CPU
		{30B51135-B4D3-4BF0-9E32-E3E2F5BBE6F5}.AppStore|iPhone.ActiveCfg = Debug|Any CPU
		{30B51135-B4D3-4BF0-9E32-E3E2F5BBE6F5}.AppStore|iPhone.Build.0 = Debug|Any CPU
		{30B51135-B4D3-4BF0-9E32-E3E2F5BBE6F5}.Debug|Any CPU.ActiveCfg = Debug|Any CPU
		{30B51135-B4D3-4BF0-9E32-E3E2F5BBE6F5}.Debug|Any CPU.Build.0 = Debug|Any CPU
		{30B51135-B4D3-4BF0-9E32-E3E2F5BBE6F5}.Debug|iPhone.ActiveCfg = Debug|Any CPU
		{30B51135-B4D3-4BF0-9E32-E3E2F5BBE6F5}.Debug|iPhone.Build.0 = Debug|Any CPU
		{30B51135-B4D3-4BF0-9E32-E3E2F5BBE6F5}.Debug|iPhoneSimulator.ActiveCfg = Debug|Any CPU
		{30B51135-B4D3-4BF0-9E32-E3E2F5BBE6F5}.Debug|iPhoneSimulator.Build.0 = Debug|Any CPU
		{30B51135-B4D3-4BF0-9E32-E3E2F5BBE6F5}.Release|Any CPU.ActiveCfg = Release|Any CPU
		{30B51135-B4D3-4BF0-9E32-E3E2F5BBE6F5}.Release|Any CPU.Build.0 = Release|Any CPU
		{30B51135-B4D3-4BF0-9E32-E3E2F5BBE6F5}.Release|iPhone.ActiveCfg = Release|Any CPU
		{30B51135-B4D3-4BF0-9E32-E3E2F5BBE6F5}.Release|iPhone.Build.0 = Release|Any CPU
		{30B51135-B4D3-4BF0-9E32-E3E2F5BBE6F5}.Release|iPhoneSimulator.ActiveCfg = Release|Any CPU
		{30B51135-B4D3-4BF0-9E32-E3E2F5BBE6F5}.Release|iPhoneSimulator.Build.0 = Release|Any CPU
		{7E56FFCA-3F49-4A5E-AF98-9A9381999149}.Ad-Hoc|iPhone.ActiveCfg = Debug|Any CPU
		{7E56FFCA-3F49-4A5E-AF98-9A9381999149}.Ad-Hoc|iPhone.Build.0 = Debug|Any CPU
		{7E56FFCA-3F49-4A5E-AF98-9A9381999149}.AppStore|iPhone.ActiveCfg = Debug|Any CPU
		{7E56FFCA-3F49-4A5E-AF98-9A9381999149}.AppStore|iPhone.Build.0 = Debug|Any CPU
		{7E56FFCA-3F49-4A5E-AF98-9A9381999149}.Debug|Any CPU.ActiveCfg = Debug|Any CPU
		{7E56FFCA-3F49-4A5E-AF98-9A9381999149}.Debug|Any CPU.Build.0 = Debug|Any CPU
		{7E56FFCA-3F49-4A5E-AF98-9A9381999149}.Debug|iPhone.ActiveCfg = Debug|Any CPU
		{7E56FFCA-3F49-4A5E-AF98-9A9381999149}.Debug|iPhone.Build.0 = Debug|Any CPU
		{7E56FFCA-3F49-4A5E-AF98-9A9381999149}.Debug|iPhoneSimulator.ActiveCfg = Debug|Any CPU
		{7E56FFCA-3F49-4A5E-AF98-9A9381999149}.Debug|iPhoneSimulator.Build.0 = Debug|Any CPU
		{7E56FFCA-3F49-4A5E-AF98-9A9381999149}.Release|Any CPU.ActiveCfg = Release|Any CPU
		{7E56FFCA-3F49-4A5E-AF98-9A9381999149}.Release|Any CPU.Build.0 = Release|Any CPU
		{7E56FFCA-3F49-4A5E-AF98-9A9381999149}.Release|iPhone.ActiveCfg = Release|Any CPU
		{7E56FFCA-3F49-4A5E-AF98-9A9381999149}.Release|iPhone.Build.0 = Release|Any CPU
		{7E56FFCA-3F49-4A5E-AF98-9A9381999149}.Release|iPhoneSimulator.ActiveCfg = Release|Any CPU
		{7E56FFCA-3F49-4A5E-AF98-9A9381999149}.Release|iPhoneSimulator.Build.0 = Release|Any CPU
		{858D7C36-7DA7-4CCF-AB5C-F0D7E031CF7F}.Ad-Hoc|iPhone.ActiveCfg = Debug|Any CPU
		{858D7C36-7DA7-4CCF-AB5C-F0D7E031CF7F}.Ad-Hoc|iPhone.Build.0 = Debug|Any CPU
		{858D7C36-7DA7-4CCF-AB5C-F0D7E031CF7F}.AppStore|iPhone.ActiveCfg = Debug|Any CPU
		{858D7C36-7DA7-4CCF-AB5C-F0D7E031CF7F}.AppStore|iPhone.Build.0 = Debug|Any CPU
		{858D7C36-7DA7-4CCF-AB5C-F0D7E031CF7F}.Debug|Any CPU.ActiveCfg = Debug|Any CPU
		{858D7C36-7DA7-4CCF-AB5C-F0D7E031CF7F}.Debug|Any CPU.Build.0 = Debug|Any CPU
		{858D7C36-7DA7-4CCF-AB5C-F0D7E031CF7F}.Debug|iPhone.ActiveCfg = Debug|Any CPU
		{858D7C36-7DA7-4CCF-AB5C-F0D7E031CF7F}.Debug|iPhone.Build.0 = Debug|Any CPU
		{858D7C36-7DA7-4CCF-AB5C-F0D7E031CF7F}.Debug|iPhoneSimulator.ActiveCfg = Debug|Any CPU
		{858D7C36-7DA7-4CCF-AB5C-F0D7E031CF7F}.Debug|iPhoneSimulator.Build.0 = Debug|Any CPU
		{858D7C36-7DA7-4CCF-AB5C-F0D7E031CF7F}.Release|Any CPU.ActiveCfg = Release|Any CPU
		{858D7C36-7DA7-4CCF-AB5C-F0D7E031CF7F}.Release|Any CPU.Build.0 = Release|Any CPU
		{858D7C36-7DA7-4CCF-AB5C-F0D7E031CF7F}.Release|iPhone.ActiveCfg = Release|Any CPU
		{858D7C36-7DA7-4CCF-AB5C-F0D7E031CF7F}.Release|iPhone.Build.0 = Release|Any CPU
		{858D7C36-7DA7-4CCF-AB5C-F0D7E031CF7F}.Release|iPhoneSimulator.ActiveCfg = Release|Any CPU
		{858D7C36-7DA7-4CCF-AB5C-F0D7E031CF7F}.Release|iPhoneSimulator.Build.0 = Release|Any CPU
		{8CDBD209-062C-455C-AA16-9BD46D0F37B2}.Ad-Hoc|iPhone.ActiveCfg = Debug|Any CPU
		{8CDBD209-062C-455C-AA16-9BD46D0F37B2}.Ad-Hoc|iPhone.Build.0 = Debug|Any CPU
		{8CDBD209-062C-455C-AA16-9BD46D0F37B2}.AppStore|iPhone.ActiveCfg = Debug|Any CPU
		{8CDBD209-062C-455C-AA16-9BD46D0F37B2}.AppStore|iPhone.Build.0 = Debug|Any CPU
		{8CDBD209-062C-455C-AA16-9BD46D0F37B2}.Debug|Any CPU.ActiveCfg = Debug|Any CPU
		{8CDBD209-062C-455C-AA16-9BD46D0F37B2}.Debug|Any CPU.Build.0 = Debug|Any CPU
		{8CDBD209-062C-455C-AA16-9BD46D0F37B2}.Debug|iPhone.ActiveCfg = Debug|Any CPU
		{8CDBD209-062C-455C-AA16-9BD46D0F37B2}.Debug|iPhone.Build.0 = Debug|Any CPU
		{8CDBD209-062C-455C-AA16-9BD46D0F37B2}.Debug|iPhoneSimulator.ActiveCfg = Debug|Any CPU
		{8CDBD209-062C-455C-AA16-9BD46D0F37B2}.Debug|iPhoneSimulator.Build.0 = Debug|Any CPU
		{8CDBD209-062C-455C-AA16-9BD46D0F37B2}.Release|Any CPU.ActiveCfg = Release|Any CPU
		{8CDBD209-062C-455C-AA16-9BD46D0F37B2}.Release|Any CPU.Build.0 = Release|Any CPU
		{8CDBD209-062C-455C-AA16-9BD46D0F37B2}.Release|iPhone.ActiveCfg = Release|Any CPU
		{8CDBD209-062C-455C-AA16-9BD46D0F37B2}.Release|iPhone.Build.0 = Release|Any CPU
		{8CDBD209-062C-455C-AA16-9BD46D0F37B2}.Release|iPhoneSimulator.ActiveCfg = Release|Any CPU
		{8CDBD209-062C-455C-AA16-9BD46D0F37B2}.Release|iPhoneSimulator.Build.0 = Release|Any CPU
		{A8CD3DB6-B798-4830-8E9D-A65140F45A91}.Ad-Hoc|iPhone.ActiveCfg = Ad-Hoc|iPhone
		{A8CD3DB6-B798-4830-8E9D-A65140F45A91}.Ad-Hoc|iPhone.Build.0 = Ad-Hoc|iPhone
		{A8CD3DB6-B798-4830-8E9D-A65140F45A91}.AppStore|iPhone.ActiveCfg = AppStore|iPhone
		{A8CD3DB6-B798-4830-8E9D-A65140F45A91}.AppStore|iPhone.Build.0 = AppStore|iPhone
		{A8CD3DB6-B798-4830-8E9D-A65140F45A91}.Debug|Any CPU.ActiveCfg = Debug|iPhoneSimulator
		{A8CD3DB6-B798-4830-8E9D-A65140F45A91}.Debug|Any CPU.Build.0 = Debug|iPhoneSimulator
		{A8CD3DB6-B798-4830-8E9D-A65140F45A91}.Debug|iPhone.ActiveCfg = Debug|iPhone
		{A8CD3DB6-B798-4830-8E9D-A65140F45A91}.Debug|iPhone.Build.0 = Debug|iPhone
		{A8CD3DB6-B798-4830-8E9D-A65140F45A91}.Debug|iPhoneSimulator.ActiveCfg = Debug|iPhoneSimulator
		{A8CD3DB6-B798-4830-8E9D-A65140F45A91}.Debug|iPhoneSimulator.Build.0 = Debug|iPhoneSimulator
		{A8CD3DB6-B798-4830-8E9D-A65140F45A91}.Release|Any CPU.ActiveCfg = Release|iPhoneSimulator
		{A8CD3DB6-B798-4830-8E9D-A65140F45A91}.Release|Any CPU.Build.0 = Release|iPhoneSimulator
		{A8CD3DB6-B798-4830-8E9D-A65140F45A91}.Release|iPhone.ActiveCfg = Release|iPhone
		{A8CD3DB6-B798-4830-8E9D-A65140F45A91}.Release|iPhone.Build.0 = Release|iPhone
		{A8CD3DB6-B798-4830-8E9D-A65140F45A91}.Release|iPhoneSimulator.ActiveCfg = Release|iPhoneSimulator
		{A8CD3DB6-B798-4830-8E9D-A65140F45A91}.Release|iPhoneSimulator.Build.0 = Release|iPhoneSimulator
		{E522B3C1-6323-4340-B285-241ADD54D0BB}.Ad-Hoc|iPhone.ActiveCfg = Ad-Hoc|iPhone
		{E522B3C1-6323-4340-B285-241ADD54D0BB}.Ad-Hoc|iPhone.Build.0 = Ad-Hoc|iPhone
		{E522B3C1-6323-4340-B285-241ADD54D0BB}.AppStore|iPhone.ActiveCfg = AppStore|iPhone
		{E522B3C1-6323-4340-B285-241ADD54D0BB}.AppStore|iPhone.Build.0 = AppStore|iPhone
		{E522B3C1-6323-4340-B285-241ADD54D0BB}.Debug|Any CPU.ActiveCfg = Debug|iPhoneSimulator
		{E522B3C1-6323-4340-B285-241ADD54D0BB}.Debug|Any CPU.Build.0 = Debug|iPhoneSimulator
		{E522B3C1-6323-4340-B285-241ADD54D0BB}.Debug|iPhone.ActiveCfg = Debug|iPhone
		{E522B3C1-6323-4340-B285-241ADD54D0BB}.Debug|iPhone.Build.0 = Debug|iPhone
		{E522B3C1-6323-4340-B285-241ADD54D0BB}.Debug|iPhoneSimulator.ActiveCfg = Debug|iPhoneSimulator
		{E522B3C1-6323-4340-B285-241ADD54D0BB}.Debug|iPhoneSimulator.Build.0 = Debug|iPhoneSimulator
		{E522B3C1-6323-4340-B285-241ADD54D0BB}.Release|Any CPU.ActiveCfg = Release|iPhoneSimulator
		{E522B3C1-6323-4340-B285-241ADD54D0BB}.Release|Any CPU.Build.0 = Release|iPhoneSimulator
		{E522B3C1-6323-4340-B285-241ADD54D0BB}.Release|iPhone.ActiveCfg = Release|iPhone
		{E522B3C1-6323-4340-B285-241ADD54D0BB}.Release|iPhone.Build.0 = Release|iPhone
		{E522B3C1-6323-4340-B285-241ADD54D0BB}.Release|iPhoneSimulator.ActiveCfg = Release|iPhoneSimulator
		{E522B3C1-6323-4340-B285-241ADD54D0BB}.Release|iPhoneSimulator.Build.0 = Release|iPhoneSimulator
		{EB063F15-F071-4DC8-B27E-C9EE1F4A3973}.Ad-Hoc|iPhone.ActiveCfg = Ad-Hoc|iPhone
		{EB063F15-F071-4DC8-B27E-C9EE1F4A3973}.Ad-Hoc|iPhone.Build.0 = Ad-Hoc|iPhone
		{EB063F15-F071-4DC8-B27E-C9EE1F4A3973}.AppStore|iPhone.ActiveCfg = AppStore|iPhone
		{EB063F15-F071-4DC8-B27E-C9EE1F4A3973}.AppStore|iPhone.Build.0 = AppStore|iPhone
		{EB063F15-F071-4DC8-B27E-C9EE1F4A3973}.Debug|Any CPU.ActiveCfg = Debug|iPhoneSimulator
		{EB063F15-F071-4DC8-B27E-C9EE1F4A3973}.Debug|Any CPU.Build.0 = Debug|iPhoneSimulator
		{EB063F15-F071-4DC8-B27E-C9EE1F4A3973}.Debug|iPhone.ActiveCfg = Debug|iPhone
		{EB063F15-F071-4DC8-B27E-C9EE1F4A3973}.Debug|iPhone.Build.0 = Debug|iPhone
		{EB063F15-F071-4DC8-B27E-C9EE1F4A3973}.Debug|iPhoneSimulator.ActiveCfg = Debug|iPhoneSimulator
		{EB063F15-F071-4DC8-B27E-C9EE1F4A3973}.Debug|iPhoneSimulator.Build.0 = Debug|iPhoneSimulator
		{EB063F15-F071-4DC8-B27E-C9EE1F4A3973}.Release|Any CPU.ActiveCfg = Release|iPhoneSimulator
		{EB063F15-F071-4DC8-B27E-C9EE1F4A3973}.Release|Any CPU.Build.0 = Release|iPhoneSimulator
		{EB063F15-F071-4DC8-B27E-C9EE1F4A3973}.Release|iPhone.ActiveCfg = Release|iPhone
		{EB063F15-F071-4DC8-B27E-C9EE1F4A3973}.Release|iPhone.Build.0 = Release|iPhone
		{EB063F15-F071-4DC8-B27E-C9EE1F4A3973}.Release|iPhoneSimulator.ActiveCfg = Release|iPhoneSimulator
		{EB063F15-F071-4DC8-B27E-C9EE1F4A3973}.Release|iPhoneSimulator.Build.0 = Release|iPhoneSimulator
	EndGlobalSection
	GlobalSection(NestedProjects) = preSolution
		{E118BD8B-CFB1-4EDB-ADD7-FB608DB01357} = {12642A31-1BBB-424E-A751-93249D9052BC}
		{E51610F5-3268-4FCD-9959-A43DAD69EC9E} = {12642A31-1BBB-424E-A751-93249D9052BC}
		{7E56FFCA-3F49-4A5E-AF98-9A9381999149} = {E118BD8B-CFB1-4EDB-ADD7-FB608DB01357}
		{2FA19B23-D178-4148-AF51-6F92CE118ED6} = {E118BD8B-CFB1-4EDB-ADD7-FB608DB01357}
		{858D7C36-7DA7-4CCF-AB5C-F0D7E031CF7F} = {E118BD8B-CFB1-4EDB-ADD7-FB608DB01357}
		{8CDBD209-062C-455C-AA16-9BD46D0F37B2} = {E118BD8B-CFB1-4EDB-ADD7-FB608DB01357}
		{30142C5A-4CC6-4B43-AAFA-E5378C9C34E3} = {E51610F5-3268-4FCD-9959-A43DAD69EC9E}
		{EB063F15-F071-4DC8-B27E-C9EE1F4A3973} = {E51610F5-3268-4FCD-9959-A43DAD69EC9E}
		{A8CD3DB6-B798-4830-8E9D-A65140F45A91} = {E51610F5-3268-4FCD-9959-A43DAD69EC9E}
		{E522B3C1-6323-4340-B285-241ADD54D0BB} = {E51610F5-3268-4FCD-9959-A43DAD69EC9E}
	EndGlobalSection
	GlobalSection(MonoDevelopProperties) = preSolution
		StartupItem = AWSSDK_iOS.csproj
	EndGlobalSection
EndGlobal
