
Microsoft Visual Studio Solution File, Format Version 11.00
# Visual Studio 2010
Project("{FAE04EC0-301F-11D3-BF4B-00C04F79EFBC}") = "AWSSDK_iOS", "AWSSDK_iOS.csproj", "{30B51135-B4D3-4BF0-9E32-E3E2F5BBE6F5}"
EndProject
Project("{FAE04EC0-301F-11D3-BF4B-00C04F79EFBC}") = "AWSSDK_Android", "AWSSDK_Android.csproj", "{078E8F40-8259-4C39-9CDC-8AC2F4A0BE3A}"
EndProject
Project("{2150E333-8FDC-42A3-9474-1A3956D46DE8}") = "Samples", "Samples", "{12642A31-1BBB-424E-A751-93249D9052BC}"
EndProject
Project("{2150E333-8FDC-42A3-9474-1A3956D46DE8}") = "Android", "Android", "{E118BD8B-CFB1-4EDB-ADD7-FB608DB01357}"
Project("{FAE04EC0-301F-11D3-BF4B-00C04F79EFBC}") = "AWSSDK_Android.Sample", "AWSSDK_Android.Sample\AWSSDK_Android.Sample.csproj", "{8CDBD209-062C-455C-AA16-9BD46D0F37B2}"
EndProject
Project("{FAE04EC0-301F-11D3-BF4B-00C04F79EFBC}") = "S3.Sample", "Samples\Android\S3.Sample\S3.Sample.csproj", "{7E56FFCA-3F49-4A5E-AF98-9A9381999149}"
EndProject
Project("{FAE04EC0-301F-11D3-BF4B-00C04F79EFBC}") = "DynamoDB.Sample", "Samples\Android\DynamoDB.Sample\DynamoDB.Sample.csproj", "{2FA19B23-D178-4148-AF51-6F92CE118ED6}"
EndProject
Project("{FAE04EC0-301F-11D3-BF4B-00C04F79EFBC}") = "SimpleDB.Sample", "Samples\Android\SimpleDB.Sample\SimpleDB.Sample.csproj", "{858D7C36-7DA7-4CCF-AB5C-F0D7E031CF7F}"
EndProject
Project("{FAE04EC0-301F-11D3-BF4B-00C04F79EFBC}") = "SNS.Sample", "Samples\Android\SNS.Sample\SNS.Sample.csproj", "{8CDBD209-062C-455C-AA16-9BD46D0F37B2}"
EndProject
Project("{FAE04EC0-301F-11D3-BF4B-00C04F79EFBC}") = "AWSSDK_Android.EC2.Sample", "AWSSDK_Android.EC2.Sample\AWSSDK_Android.EC2.Sample.csproj", "{23C188F9-4C00-4003-B38F-4AA7C1FFA2CE}"
EndProject
Project("{FAE04EC0-301F-11D3-BF4B-00C04F79EFBC}") = "AWSSDK_Android.SES.Sample", "Samples\Android\AWSSDK_Android.SES.Sample\AWSSDK_Android.SES.Sample.csproj", "{1D8855A4-AD70-45DB-9014-00F4EB19A7FA}"
=======
Project("{FAE04EC0-301F-11D3-BF4B-00C04F79EFBC}") = "Kinesis.Droid.Sample", "Samples\Android\Kinesis.Droid.Sample\Kinesis.Droid.Sample.csproj", "{63BBF17D-D267-4FF8-B67E-77B7703E0697}"
>>>>>>> FETCH_HEAD
EndProject
Project("{FAE04EC0-301F-11D3-BF4B-00C04F79EFBC}") = "AWSSDK_Android.LoadBalancing.Sample", "Samples\Android\AWSSDK_Android.LoadBalancing.Sample\AWSSDK_Android.LoadBalancing.Sample.csproj", "{029C07F4-0E33-4F88-8BC1-EFC35E49326B}"
EndProject
Project("{2150E333-8FDC-42A3-9474-1A3956D46DE8}") = "iOS", "iOS", "{E51610F5-3268-4FCD-9959-A43DAD69EC9E}"
EndProject
Project("{FAE04EC0-301F-11D3-BF4B-00C04F79EFBC}") = "S3.Sample", "Samples\iOS\S3.Sample\S3.Sample.csproj", "{30142C5A-4CC6-4B43-AAFA-E5378C9C34E3}"
EndProject
Project("{FAE04EC0-301F-11D3-BF4B-00C04F79EFBC}") = "DynamoDB.Sample", "Samples\iOS\DynamoDB.Sample\DynamoDB.Sample.csproj", "{EB063F15-F071-4DC8-B27E-C9EE1F4A3973}"
EndProject
Project("{FAE04EC0-301F-11D3-BF4B-00C04F79EFBC}") = "SimpleDB.Sample", "Samples\iOS\SimpleDB.Sample\SimpleDB.Sample.csproj", "{A8CD3DB6-B798-4830-8E9D-A65140F45A91}"
EndProject
Project("{FAE04EC0-301F-11D3-BF4B-00C04F79EFBC}") = "SNS.Sample", "Samples\iOS\SNS.Sample\SNS.Sample.csproj", "{E522B3C1-6323-4340-B285-241ADD54D0BB}"
EndProject
Project("{FAE04EC0-301F-11D3-BF4B-00C04F79EFBC}") = "CloudWatch.Sample", "Samples\iOS\CloudWatch.Sample\CloudWatch.Sample.csproj", "{83E8D975-0AC6-49B7-82E9-BBE0EFDC49FD}"
EndProject
Project("{FAE04EC0-301F-11D3-BF4B-00C04F79EFBC}") = "AWSSDK_iOS.EC2.Sample", "AWSSDK_iOS.EC2.Sample\AWSSDK_iOS.EC2.Sample.csproj", "{BB7F9F76-841A-49F5-BF9F-EC8D08826CF1}"
EndProject
Project("{FAE04EC0-301F-11D3-BF4B-00C04F79EFBC}") = "SES.Sample", "Samples\iOS\SES.Sample\SES.Sample.csproj", "{0DEA4B44-F49F-498C-B983-9A7815AD5687}"
EndProject
Project("{FAE04EC0-301F-11D3-BF4B-00C04F79EFBC}") = "Kinesis.Sample", "Samples\iOS\Kinesis.Sample\Kinesis.Sample.csproj", "{375C123D-4B83-48F1-AA94-9FD2B51BF031}"
EndProject
Project("{FAE04EC0-301F-11D3-BF4B-00C04F79EFBC}") = "LoadBalancing.Sample", "Samples\iOS\LoadBalancing.Sample\LoadBalancing.Sample.csproj", "{F24F2976-D699-4074-BE87-3E866FDA13E8}"
EndProject
Global
	GlobalSection(SolutionConfigurationPlatforms) = preSolution
		Debug|Any CPU = Debug|Any CPU
		Release|Any CPU = Release|Any CPU
		Debug|iPhoneSimulator = Debug|iPhoneSimulator
		Release|iPhoneSimulator = Release|iPhoneSimulator
		Debug|iPhone = Debug|iPhone
		Release|iPhone = Release|iPhone
		Ad-Hoc|iPhone = Ad-Hoc|iPhone
		AppStore|iPhone = AppStore|iPhone
	EndGlobalSection
	GlobalSection(ProjectConfigurationPlatforms) = postSolution
		{029C07F4-0E33-4F88-8BC1-EFC35E49326B}.Ad-Hoc|iPhone.ActiveCfg = Release|Any CPU
		{029C07F4-0E33-4F88-8BC1-EFC35E49326B}.Ad-Hoc|iPhone.Build.0 = Release|Any CPU
		{029C07F4-0E33-4F88-8BC1-EFC35E49326B}.AppStore|iPhone.ActiveCfg = Release|Any CPU
		{029C07F4-0E33-4F88-8BC1-EFC35E49326B}.AppStore|iPhone.Build.0 = Release|Any CPU
		{029C07F4-0E33-4F88-8BC1-EFC35E49326B}.Debug|Any CPU.ActiveCfg = Debug|Any CPU
		{029C07F4-0E33-4F88-8BC1-EFC35E49326B}.Debug|Any CPU.Build.0 = Debug|Any CPU
		{029C07F4-0E33-4F88-8BC1-EFC35E49326B}.Debug|iPhone.ActiveCfg = Debug|Any CPU
		{029C07F4-0E33-4F88-8BC1-EFC35E49326B}.Debug|iPhone.Build.0 = Debug|Any CPU
		{029C07F4-0E33-4F88-8BC1-EFC35E49326B}.Debug|iPhoneSimulator.ActiveCfg = Debug|Any CPU
		{029C07F4-0E33-4F88-8BC1-EFC35E49326B}.Debug|iPhoneSimulator.Build.0 = Debug|Any CPU
		{029C07F4-0E33-4F88-8BC1-EFC35E49326B}.Release|Any CPU.ActiveCfg = Release|Any CPU
		{029C07F4-0E33-4F88-8BC1-EFC35E49326B}.Release|Any CPU.Build.0 = Release|Any CPU
		{029C07F4-0E33-4F88-8BC1-EFC35E49326B}.Release|iPhone.ActiveCfg = Release|Any CPU
		{029C07F4-0E33-4F88-8BC1-EFC35E49326B}.Release|iPhone.Build.0 = Release|Any CPU
		{029C07F4-0E33-4F88-8BC1-EFC35E49326B}.Release|iPhoneSimulator.ActiveCfg = Release|Any CPU
		{029C07F4-0E33-4F88-8BC1-EFC35E49326B}.Release|iPhoneSimulator.Build.0 = Release|Any CPU
		{078E8F40-8259-4C39-9CDC-8AC2F4A0BE3A}.Ad-Hoc|iPhone.ActiveCfg = Debug|Any CPU
		{078E8F40-8259-4C39-9CDC-8AC2F4A0BE3A}.Ad-Hoc|iPhone.Build.0 = Debug|Any CPU
		{078E8F40-8259-4C39-9CDC-8AC2F4A0BE3A}.AppStore|iPhone.ActiveCfg = Debug|Any CPU
		{078E8F40-8259-4C39-9CDC-8AC2F4A0BE3A}.AppStore|iPhone.Build.0 = Debug|Any CPU
		{078E8F40-8259-4C39-9CDC-8AC2F4A0BE3A}.Debug|Any CPU.ActiveCfg = Debug|Any CPU
		{078E8F40-8259-4C39-9CDC-8AC2F4A0BE3A}.Debug|Any CPU.Build.0 = Debug|Any CPU
		{078E8F40-8259-4C39-9CDC-8AC2F4A0BE3A}.Debug|iPhone.ActiveCfg = Debug|Any CPU
		{078E8F40-8259-4C39-9CDC-8AC2F4A0BE3A}.Debug|iPhone.Build.0 = Debug|Any CPU
		{078E8F40-8259-4C39-9CDC-8AC2F4A0BE3A}.Debug|iPhoneSimulator.ActiveCfg = Debug|Any CPU
		{078E8F40-8259-4C39-9CDC-8AC2F4A0BE3A}.Debug|iPhoneSimulator.Build.0 = Debug|Any CPU
		{078E8F40-8259-4C39-9CDC-8AC2F4A0BE3A}.Release|Any CPU.ActiveCfg = Release|Any CPU
		{078E8F40-8259-4C39-9CDC-8AC2F4A0BE3A}.Release|Any CPU.Build.0 = Release|Any CPU
		{078E8F40-8259-4C39-9CDC-8AC2F4A0BE3A}.Release|iPhone.ActiveCfg = Release|Any CPU
		{078E8F40-8259-4C39-9CDC-8AC2F4A0BE3A}.Release|iPhone.Build.0 = Release|Any CPU
		{078E8F40-8259-4C39-9CDC-8AC2F4A0BE3A}.Release|iPhoneSimulator.ActiveCfg = Release|Any CPU
		{078E8F40-8259-4C39-9CDC-8AC2F4A0BE3A}.Release|iPhoneSimulator.Build.0 = Release|Any CPU
		{0DEA4B44-F49F-498C-B983-9A7815AD5687}.Ad-Hoc|iPhone.ActiveCfg = Ad-Hoc|iPhone
		{0DEA4B44-F49F-498C-B983-9A7815AD5687}.Ad-Hoc|iPhone.Build.0 = Ad-Hoc|iPhone
		{0DEA4B44-F49F-498C-B983-9A7815AD5687}.AppStore|iPhone.ActiveCfg = AppStore|iPhone
		{0DEA4B44-F49F-498C-B983-9A7815AD5687}.AppStore|iPhone.Build.0 = AppStore|iPhone
		{0DEA4B44-F49F-498C-B983-9A7815AD5687}.Debug|Any CPU.ActiveCfg = Debug|iPhoneSimulator
		{0DEA4B44-F49F-498C-B983-9A7815AD5687}.Debug|Any CPU.Build.0 = Debug|iPhoneSimulator
		{0DEA4B44-F49F-498C-B983-9A7815AD5687}.Debug|iPhone.ActiveCfg = Debug|iPhone
		{0DEA4B44-F49F-498C-B983-9A7815AD5687}.Debug|iPhone.Build.0 = Debug|iPhone
		{0DEA4B44-F49F-498C-B983-9A7815AD5687}.Debug|iPhoneSimulator.ActiveCfg = Debug|iPhoneSimulator
		{0DEA4B44-F49F-498C-B983-9A7815AD5687}.Debug|iPhoneSimulator.Build.0 = Debug|iPhoneSimulator
		{0DEA4B44-F49F-498C-B983-9A7815AD5687}.Release|Any CPU.ActiveCfg = Release|iPhoneSimulator
		{0DEA4B44-F49F-498C-B983-9A7815AD5687}.Release|Any CPU.Build.0 = Release|iPhoneSimulator
		{0DEA4B44-F49F-498C-B983-9A7815AD5687}.Release|iPhone.ActiveCfg = Release|iPhone
		{0DEA4B44-F49F-498C-B983-9A7815AD5687}.Release|iPhone.Build.0 = Release|iPhone
		{0DEA4B44-F49F-498C-B983-9A7815AD5687}.Release|iPhoneSimulator.ActiveCfg = Release|iPhoneSimulator
		{0DEA4B44-F49F-498C-B983-9A7815AD5687}.Release|iPhoneSimulator.Build.0 = Release|iPhoneSimulator
		{1D8855A4-AD70-45DB-9014-00F4EB19A7FA}.Ad-Hoc|iPhone.ActiveCfg = Release|Any CPU
		{1D8855A4-AD70-45DB-9014-00F4EB19A7FA}.Ad-Hoc|iPhone.Build.0 = Release|Any CPU
		{1D8855A4-AD70-45DB-9014-00F4EB19A7FA}.AppStore|iPhone.ActiveCfg = Release|Any CPU
		{1D8855A4-AD70-45DB-9014-00F4EB19A7FA}.AppStore|iPhone.Build.0 = Release|Any CPU
		{1D8855A4-AD70-45DB-9014-00F4EB19A7FA}.Debug|Any CPU.ActiveCfg = Debug|Any CPU
		{1D8855A4-AD70-45DB-9014-00F4EB19A7FA}.Debug|Any CPU.Build.0 = Debug|Any CPU
		{1D8855A4-AD70-45DB-9014-00F4EB19A7FA}.Debug|iPhone.ActiveCfg = Debug|Any CPU
		{1D8855A4-AD70-45DB-9014-00F4EB19A7FA}.Debug|iPhone.Build.0 = Debug|Any CPU
		{1D8855A4-AD70-45DB-9014-00F4EB19A7FA}.Debug|iPhoneSimulator.ActiveCfg = Debug|Any CPU
		{1D8855A4-AD70-45DB-9014-00F4EB19A7FA}.Debug|iPhoneSimulator.Build.0 = Debug|Any CPU
		{1D8855A4-AD70-45DB-9014-00F4EB19A7FA}.Release|Any CPU.ActiveCfg = Release|Any CPU
		{1D8855A4-AD70-45DB-9014-00F4EB19A7FA}.Release|Any CPU.Build.0 = Release|Any CPU
		{1D8855A4-AD70-45DB-9014-00F4EB19A7FA}.Release|iPhone.ActiveCfg = Release|Any CPU
		{1D8855A4-AD70-45DB-9014-00F4EB19A7FA}.Release|iPhone.Build.0 = Release|Any CPU
		{1D8855A4-AD70-45DB-9014-00F4EB19A7FA}.Release|iPhoneSimulator.ActiveCfg = Release|Any CPU
		{1D8855A4-AD70-45DB-9014-00F4EB19A7FA}.Release|iPhoneSimulator.Build.0 = Release|Any CPU
		{23C188F9-4C00-4003-B38F-4AA7C1FFA2CE}.Ad-Hoc|iPhone.ActiveCfg = Debug|Any CPU
		{23C188F9-4C00-4003-B38F-4AA7C1FFA2CE}.Ad-Hoc|iPhone.Build.0 = Debug|Any CPU
		{23C188F9-4C00-4003-B38F-4AA7C1FFA2CE}.AppStore|iPhone.ActiveCfg = Debug|Any CPU
		{23C188F9-4C00-4003-B38F-4AA7C1FFA2CE}.AppStore|iPhone.Build.0 = Debug|Any CPU
		{23C188F9-4C00-4003-B38F-4AA7C1FFA2CE}.Debug|Any CPU.ActiveCfg = Debug|Any CPU
		{23C188F9-4C00-4003-B38F-4AA7C1FFA2CE}.Debug|Any CPU.Build.0 = Debug|Any CPU
		{23C188F9-4C00-4003-B38F-4AA7C1FFA2CE}.Debug|iPhone.ActiveCfg = Debug|Any CPU
		{23C188F9-4C00-4003-B38F-4AA7C1FFA2CE}.Debug|iPhone.Build.0 = Debug|Any CPU
		{23C188F9-4C00-4003-B38F-4AA7C1FFA2CE}.Debug|iPhoneSimulator.ActiveCfg = Debug|Any CPU
		{23C188F9-4C00-4003-B38F-4AA7C1FFA2CE}.Debug|iPhoneSimulator.Build.0 = Debug|Any CPU
		{23C188F9-4C00-4003-B38F-4AA7C1FFA2CE}.Release|Any CPU.ActiveCfg = Release|Any CPU
		{23C188F9-4C00-4003-B38F-4AA7C1FFA2CE}.Release|Any CPU.Build.0 = Release|Any CPU
		{23C188F9-4C00-4003-B38F-4AA7C1FFA2CE}.Release|iPhone.ActiveCfg = Release|Any CPU
		{23C188F9-4C00-4003-B38F-4AA7C1FFA2CE}.Release|iPhone.Build.0 = Release|Any CPU
		{23C188F9-4C00-4003-B38F-4AA7C1FFA2CE}.Release|iPhoneSimulator.ActiveCfg = Release|Any CPU
		{23C188F9-4C00-4003-B38F-4AA7C1FFA2CE}.Release|iPhoneSimulator.Build.0 = Release|Any CPU
		{2FA19B23-D178-4148-AF51-6F92CE118ED6}.Ad-Hoc|iPhone.ActiveCfg = Debug|Any CPU
		{2FA19B23-D178-4148-AF51-6F92CE118ED6}.Ad-Hoc|iPhone.Build.0 = Debug|Any CPU
		{2FA19B23-D178-4148-AF51-6F92CE118ED6}.AppStore|iPhone.ActiveCfg = Debug|Any CPU
		{2FA19B23-D178-4148-AF51-6F92CE118ED6}.AppStore|iPhone.Build.0 = Debug|Any CPU
		{2FA19B23-D178-4148-AF51-6F92CE118ED6}.Debug|Any CPU.ActiveCfg = Debug|Any CPU
		{2FA19B23-D178-4148-AF51-6F92CE118ED6}.Debug|Any CPU.Build.0 = Debug|Any CPU
		{2FA19B23-D178-4148-AF51-6F92CE118ED6}.Debug|iPhone.ActiveCfg = Debug|Any CPU
		{2FA19B23-D178-4148-AF51-6F92CE118ED6}.Debug|iPhone.Build.0 = Debug|Any CPU
		{2FA19B23-D178-4148-AF51-6F92CE118ED6}.Debug|iPhoneSimulator.ActiveCfg = Debug|Any CPU
		{2FA19B23-D178-4148-AF51-6F92CE118ED6}.Debug|iPhoneSimulator.Build.0 = Debug|Any CPU
		{2FA19B23-D178-4148-AF51-6F92CE118ED6}.Release|Any CPU.ActiveCfg = Release|Any CPU
		{2FA19B23-D178-4148-AF51-6F92CE118ED6}.Release|Any CPU.Build.0 = Release|Any CPU
		{2FA19B23-D178-4148-AF51-6F92CE118ED6}.Release|iPhone.ActiveCfg = Release|Any CPU
		{2FA19B23-D178-4148-AF51-6F92CE118ED6}.Release|iPhone.Build.0 = Release|Any CPU
		{2FA19B23-D178-4148-AF51-6F92CE118ED6}.Release|iPhoneSimulator.ActiveCfg = Release|Any CPU
		{2FA19B23-D178-4148-AF51-6F92CE118ED6}.Release|iPhoneSimulator.Build.0 = Release|Any CPU
		{30142C5A-4CC6-4B43-AAFA-E5378C9C34E3}.Ad-Hoc|iPhone.ActiveCfg = Ad-Hoc|iPhone
		{30142C5A-4CC6-4B43-AAFA-E5378C9C34E3}.Ad-Hoc|iPhone.Build.0 = Ad-Hoc|iPhone
		{30142C5A-4CC6-4B43-AAFA-E5378C9C34E3}.AppStore|iPhone.ActiveCfg = AppStore|iPhone
		{30142C5A-4CC6-4B43-AAFA-E5378C9C34E3}.AppStore|iPhone.Build.0 = AppStore|iPhone
		{30142C5A-4CC6-4B43-AAFA-E5378C9C34E3}.Debug|Any CPU.ActiveCfg = Debug|iPhoneSimulator
		{30142C5A-4CC6-4B43-AAFA-E5378C9C34E3}.Debug|Any CPU.Build.0 = Debug|iPhoneSimulator
		{30142C5A-4CC6-4B43-AAFA-E5378C9C34E3}.Debug|iPhone.ActiveCfg = Debug|iPhone
		{30142C5A-4CC6-4B43-AAFA-E5378C9C34E3}.Debug|iPhone.Build.0 = Debug|iPhone
		{30142C5A-4CC6-4B43-AAFA-E5378C9C34E3}.Debug|iPhoneSimulator.ActiveCfg = Debug|iPhoneSimulator
		{30142C5A-4CC6-4B43-AAFA-E5378C9C34E3}.Debug|iPhoneSimulator.Build.0 = Debug|iPhoneSimulator
		{30142C5A-4CC6-4B43-AAFA-E5378C9C34E3}.Release|Any CPU.ActiveCfg = Release|iPhoneSimulator
		{30142C5A-4CC6-4B43-AAFA-E5378C9C34E3}.Release|Any CPU.Build.0 = Release|iPhoneSimulator
		{30142C5A-4CC6-4B43-AAFA-E5378C9C34E3}.Release|iPhone.ActiveCfg = Release|iPhone
		{30142C5A-4CC6-4B43-AAFA-E5378C9C34E3}.Release|iPhone.Build.0 = Release|iPhone
		{30142C5A-4CC6-4B43-AAFA-E5378C9C34E3}.Release|iPhoneSimulator.ActiveCfg = Release|iPhoneSimulator
		{30142C5A-4CC6-4B43-AAFA-E5378C9C34E3}.Release|iPhoneSimulator.Build.0 = Release|iPhoneSimulator
		{30B51135-B4D3-4BF0-9E32-E3E2F5BBE6F5}.Ad-Hoc|iPhone.ActiveCfg = Debug|Any CPU
		{30B51135-B4D3-4BF0-9E32-E3E2F5BBE6F5}.Ad-Hoc|iPhone.Build.0 = Debug|Any CPU
		{30B51135-B4D3-4BF0-9E32-E3E2F5BBE6F5}.AppStore|iPhone.ActiveCfg = Debug|Any CPU
		{30B51135-B4D3-4BF0-9E32-E3E2F5BBE6F5}.AppStore|iPhone.Build.0 = Debug|Any CPU
		{30B51135-B4D3-4BF0-9E32-E3E2F5BBE6F5}.Debug|Any CPU.ActiveCfg = Debug|Any CPU
		{30B51135-B4D3-4BF0-9E32-E3E2F5BBE6F5}.Debug|Any CPU.Build.0 = Debug|Any CPU
		{30B51135-B4D3-4BF0-9E32-E3E2F5BBE6F5}.Debug|iPhone.ActiveCfg = Debug|Any CPU
		{30B51135-B4D3-4BF0-9E32-E3E2F5BBE6F5}.Debug|iPhone.Build.0 = Debug|Any CPU
		{30B51135-B4D3-4BF0-9E32-E3E2F5BBE6F5}.Debug|iPhoneSimulator.ActiveCfg = Debug|Any CPU
		{30B51135-B4D3-4BF0-9E32-E3E2F5BBE6F5}.Debug|iPhoneSimulator.Build.0 = Debug|Any CPU
		{30B51135-B4D3-4BF0-9E32-E3E2F5BBE6F5}.Release|Any CPU.ActiveCfg = Release|Any CPU
		{30B51135-B4D3-4BF0-9E32-E3E2F5BBE6F5}.Release|Any CPU.Build.0 = Release|Any CPU
		{30B51135-B4D3-4BF0-9E32-E3E2F5BBE6F5}.Release|iPhone.ActiveCfg = Release|Any CPU
		{30B51135-B4D3-4BF0-9E32-E3E2F5BBE6F5}.Release|iPhone.Build.0 = Release|Any CPU
		{30B51135-B4D3-4BF0-9E32-E3E2F5BBE6F5}.Release|iPhoneSimulator.ActiveCfg = Release|Any CPU
		{30B51135-B4D3-4BF0-9E32-E3E2F5BBE6F5}.Release|iPhoneSimulator.Build.0 = Release|Any CPU
		{375C123D-4B83-48F1-AA94-9FD2B51BF031}.Ad-Hoc|iPhone.ActiveCfg = Ad-Hoc|iPhone
		{375C123D-4B83-48F1-AA94-9FD2B51BF031}.Ad-Hoc|iPhone.Build.0 = Ad-Hoc|iPhone
		{375C123D-4B83-48F1-AA94-9FD2B51BF031}.AppStore|iPhone.ActiveCfg = AppStore|iPhone
		{375C123D-4B83-48F1-AA94-9FD2B51BF031}.AppStore|iPhone.Build.0 = AppStore|iPhone
		{375C123D-4B83-48F1-AA94-9FD2B51BF031}.Debug|Any CPU.ActiveCfg = Debug|iPhoneSimulator
		{375C123D-4B83-48F1-AA94-9FD2B51BF031}.Debug|Any CPU.Build.0 = Debug|iPhoneSimulator
		{375C123D-4B83-48F1-AA94-9FD2B51BF031}.Debug|iPhone.ActiveCfg = Debug|iPhone
		{375C123D-4B83-48F1-AA94-9FD2B51BF031}.Debug|iPhone.Build.0 = Debug|iPhone
		{375C123D-4B83-48F1-AA94-9FD2B51BF031}.Debug|iPhoneSimulator.ActiveCfg = Debug|iPhoneSimulator
		{375C123D-4B83-48F1-AA94-9FD2B51BF031}.Debug|iPhoneSimulator.Build.0 = Debug|iPhoneSimulator
		{375C123D-4B83-48F1-AA94-9FD2B51BF031}.Release|Any CPU.ActiveCfg = Release|iPhoneSimulator
		{375C123D-4B83-48F1-AA94-9FD2B51BF031}.Release|Any CPU.Build.0 = Release|iPhoneSimulator
		{375C123D-4B83-48F1-AA94-9FD2B51BF031}.Release|iPhone.ActiveCfg = Release|iPhone
		{375C123D-4B83-48F1-AA94-9FD2B51BF031}.Release|iPhone.Build.0 = Release|iPhone
		{375C123D-4B83-48F1-AA94-9FD2B51BF031}.Release|iPhoneSimulator.ActiveCfg = Release|iPhoneSimulator
		{375C123D-4B83-48F1-AA94-9FD2B51BF031}.Release|iPhoneSimulator.Build.0 = Release|iPhoneSimulator
		{7E56FFCA-3F49-4A5E-AF98-9A9381999149}.Ad-Hoc|iPhone.ActiveCfg = Debug|Any CPU
		{7E56FFCA-3F49-4A5E-AF98-9A9381999149}.Ad-Hoc|iPhone.Build.0 = Debug|Any CPU
		{7E56FFCA-3F49-4A5E-AF98-9A9381999149}.AppStore|iPhone.ActiveCfg = Debug|Any CPU
		{7E56FFCA-3F49-4A5E-AF98-9A9381999149}.AppStore|iPhone.Build.0 = Debug|Any CPU
		{7E56FFCA-3F49-4A5E-AF98-9A9381999149}.Debug|Any CPU.ActiveCfg = Debug|Any CPU
		{7E56FFCA-3F49-4A5E-AF98-9A9381999149}.Debug|Any CPU.Build.0 = Debug|Any CPU
		{7E56FFCA-3F49-4A5E-AF98-9A9381999149}.Debug|iPhone.ActiveCfg = Debug|Any CPU
		{7E56FFCA-3F49-4A5E-AF98-9A9381999149}.Debug|iPhone.Build.0 = Debug|Any CPU
		{7E56FFCA-3F49-4A5E-AF98-9A9381999149}.Debug|iPhoneSimulator.ActiveCfg = Debug|Any CPU
		{7E56FFCA-3F49-4A5E-AF98-9A9381999149}.Debug|iPhoneSimulator.Build.0 = Debug|Any CPU
		{7E56FFCA-3F49-4A5E-AF98-9A9381999149}.Release|Any CPU.ActiveCfg = Release|Any CPU
		{7E56FFCA-3F49-4A5E-AF98-9A9381999149}.Release|Any CPU.Build.0 = Release|Any CPU
		{7E56FFCA-3F49-4A5E-AF98-9A9381999149}.Release|iPhone.ActiveCfg = Release|Any CPU
		{7E56FFCA-3F49-4A5E-AF98-9A9381999149}.Release|iPhone.Build.0 = Release|Any CPU
		{7E56FFCA-3F49-4A5E-AF98-9A9381999149}.Release|iPhoneSimulator.ActiveCfg = Release|Any CPU
		{7E56FFCA-3F49-4A5E-AF98-9A9381999149}.Release|iPhoneSimulator.Build.0 = Release|Any CPU
		{83E8D975-0AC6-49B7-82E9-BBE0EFDC49FD}.Ad-Hoc|iPhone.ActiveCfg = Ad-Hoc|iPhone
		{83E8D975-0AC6-49B7-82E9-BBE0EFDC49FD}.Ad-Hoc|iPhone.Build.0 = Ad-Hoc|iPhone
		{83E8D975-0AC6-49B7-82E9-BBE0EFDC49FD}.AppStore|iPhone.ActiveCfg = AppStore|iPhone
		{83E8D975-0AC6-49B7-82E9-BBE0EFDC49FD}.AppStore|iPhone.Build.0 = AppStore|iPhone
		{83E8D975-0AC6-49B7-82E9-BBE0EFDC49FD}.Debug|Any CPU.ActiveCfg = Debug|iPhoneSimulator
		{83E8D975-0AC6-49B7-82E9-BBE0EFDC49FD}.Debug|Any CPU.Build.0 = Debug|iPhoneSimulator
		{83E8D975-0AC6-49B7-82E9-BBE0EFDC49FD}.Debug|iPhone.ActiveCfg = Debug|iPhone
		{83E8D975-0AC6-49B7-82E9-BBE0EFDC49FD}.Debug|iPhone.Build.0 = Debug|iPhone
		{83E8D975-0AC6-49B7-82E9-BBE0EFDC49FD}.Debug|iPhoneSimulator.ActiveCfg = Debug|iPhoneSimulator
		{83E8D975-0AC6-49B7-82E9-BBE0EFDC49FD}.Debug|iPhoneSimulator.Build.0 = Debug|iPhoneSimulator
		{83E8D975-0AC6-49B7-82E9-BBE0EFDC49FD}.Release|Any CPU.ActiveCfg = Release|iPhoneSimulator
		{83E8D975-0AC6-49B7-82E9-BBE0EFDC49FD}.Release|Any CPU.Build.0 = Release|iPhoneSimulator
		{83E8D975-0AC6-49B7-82E9-BBE0EFDC49FD}.Release|iPhone.ActiveCfg = Release|iPhone
		{83E8D975-0AC6-49B7-82E9-BBE0EFDC49FD}.Release|iPhone.Build.0 = Release|iPhone
		{83E8D975-0AC6-49B7-82E9-BBE0EFDC49FD}.Release|iPhoneSimulator.ActiveCfg = Release|iPhoneSimulator
		{83E8D975-0AC6-49B7-82E9-BBE0EFDC49FD}.Release|iPhoneSimulator.Build.0 = Release|iPhoneSimulator
		{858D7C36-7DA7-4CCF-AB5C-F0D7E031CF7F}.Ad-Hoc|iPhone.ActiveCfg = Debug|Any CPU
		{858D7C36-7DA7-4CCF-AB5C-F0D7E031CF7F}.Ad-Hoc|iPhone.Build.0 = Debug|Any CPU
		{858D7C36-7DA7-4CCF-AB5C-F0D7E031CF7F}.AppStore|iPhone.ActiveCfg = Debug|Any CPU
		{858D7C36-7DA7-4CCF-AB5C-F0D7E031CF7F}.AppStore|iPhone.Build.0 = Debug|Any CPU
		{858D7C36-7DA7-4CCF-AB5C-F0D7E031CF7F}.Debug|Any CPU.ActiveCfg = Debug|Any CPU
		{858D7C36-7DA7-4CCF-AB5C-F0D7E031CF7F}.Debug|Any CPU.Build.0 = Debug|Any CPU
		{858D7C36-7DA7-4CCF-AB5C-F0D7E031CF7F}.Debug|iPhone.ActiveCfg = Debug|Any CPU
		{858D7C36-7DA7-4CCF-AB5C-F0D7E031CF7F}.Debug|iPhone.Build.0 = Debug|Any CPU
		{858D7C36-7DA7-4CCF-AB5C-F0D7E031CF7F}.Debug|iPhoneSimulator.ActiveCfg = Debug|Any CPU
		{858D7C36-7DA7-4CCF-AB5C-F0D7E031CF7F}.Debug|iPhoneSimulator.Build.0 = Debug|Any CPU
		{858D7C36-7DA7-4CCF-AB5C-F0D7E031CF7F}.Release|Any CPU.ActiveCfg = Release|Any CPU
		{858D7C36-7DA7-4CCF-AB5C-F0D7E031CF7F}.Release|Any CPU.Build.0 = Release|Any CPU
		{858D7C36-7DA7-4CCF-AB5C-F0D7E031CF7F}.Release|iPhone.ActiveCfg = Release|Any CPU
		{858D7C36-7DA7-4CCF-AB5C-F0D7E031CF7F}.Release|iPhone.Build.0 = Release|Any CPU
		{858D7C36-7DA7-4CCF-AB5C-F0D7E031CF7F}.Release|iPhoneSimulator.ActiveCfg = Release|Any CPU
		{858D7C36-7DA7-4CCF-AB5C-F0D7E031CF7F}.Release|iPhoneSimulator.Build.0 = Release|Any CPU
		{8CDBD209-062C-455C-AA16-9BD46D0F37B2}.Ad-Hoc|iPhone.ActiveCfg = Debug|Any CPU
		{8CDBD209-062C-455C-AA16-9BD46D0F37B2}.Ad-Hoc|iPhone.Build.0 = Debug|Any CPU
		{8CDBD209-062C-455C-AA16-9BD46D0F37B2}.AppStore|iPhone.ActiveCfg = Debug|Any CPU
		{8CDBD209-062C-455C-AA16-9BD46D0F37B2}.AppStore|iPhone.Build.0 = Debug|Any CPU
		{8CDBD209-062C-455C-AA16-9BD46D0F37B2}.Debug|Any CPU.ActiveCfg = Debug|Any CPU
		{8CDBD209-062C-455C-AA16-9BD46D0F37B2}.Debug|Any CPU.Build.0 = Debug|Any CPU
		{8CDBD209-062C-455C-AA16-9BD46D0F37B2}.Debug|iPhone.ActiveCfg = Debug|Any CPU
		{8CDBD209-062C-455C-AA16-9BD46D0F37B2}.Debug|iPhone.Build.0 = Debug|Any CPU
		{8CDBD209-062C-455C-AA16-9BD46D0F37B2}.Debug|iPhoneSimulator.ActiveCfg = Debug|Any CPU
		{8CDBD209-062C-455C-AA16-9BD46D0F37B2}.Debug|iPhoneSimulator.Build.0 = Debug|Any CPU
		{8CDBD209-062C-455C-AA16-9BD46D0F37B2}.Release|Any CPU.ActiveCfg = Release|Any CPU
		{8CDBD209-062C-455C-AA16-9BD46D0F37B2}.Release|Any CPU.Build.0 = Release|Any CPU
		{8CDBD209-062C-455C-AA16-9BD46D0F37B2}.Release|iPhone.ActiveCfg = Release|Any CPU
		{8CDBD209-062C-455C-AA16-9BD46D0F37B2}.Release|iPhone.Build.0 = Release|Any CPU
		{8CDBD209-062C-455C-AA16-9BD46D0F37B2}.Release|iPhoneSimulator.ActiveCfg = Release|Any CPU
		{8CDBD209-062C-455C-AA16-9BD46D0F37B2}.Release|iPhoneSimulator.Build.0 = Release|Any CPU
		{A8CD3DB6-B798-4830-8E9D-A65140F45A91}.Ad-Hoc|iPhone.ActiveCfg = Ad-Hoc|iPhone
		{A8CD3DB6-B798-4830-8E9D-A65140F45A91}.Ad-Hoc|iPhone.Build.0 = Ad-Hoc|iPhone
		{A8CD3DB6-B798-4830-8E9D-A65140F45A91}.AppStore|iPhone.ActiveCfg = AppStore|iPhone
		{A8CD3DB6-B798-4830-8E9D-A65140F45A91}.AppStore|iPhone.Build.0 = AppStore|iPhone
		{A8CD3DB6-B798-4830-8E9D-A65140F45A91}.Debug|Any CPU.ActiveCfg = Debug|iPhoneSimulator
		{A8CD3DB6-B798-4830-8E9D-A65140F45A91}.Debug|Any CPU.Build.0 = Debug|iPhoneSimulator
		{A8CD3DB6-B798-4830-8E9D-A65140F45A91}.Debug|iPhone.ActiveCfg = Debug|iPhone
		{A8CD3DB6-B798-4830-8E9D-A65140F45A91}.Debug|iPhone.Build.0 = Debug|iPhone
		{A8CD3DB6-B798-4830-8E9D-A65140F45A91}.Debug|iPhoneSimulator.ActiveCfg = Debug|iPhoneSimulator
		{A8CD3DB6-B798-4830-8E9D-A65140F45A91}.Debug|iPhoneSimulator.Build.0 = Debug|iPhoneSimulator
		{A8CD3DB6-B798-4830-8E9D-A65140F45A91}.Release|Any CPU.ActiveCfg = Release|iPhoneSimulator
		{A8CD3DB6-B798-4830-8E9D-A65140F45A91}.Release|Any CPU.Build.0 = Release|iPhoneSimulator
		{A8CD3DB6-B798-4830-8E9D-A65140F45A91}.Release|iPhone.ActiveCfg = Release|iPhone
		{A8CD3DB6-B798-4830-8E9D-A65140F45A91}.Release|iPhone.Build.0 = Release|iPhone
		{A8CD3DB6-B798-4830-8E9D-A65140F45A91}.Release|iPhoneSimulator.ActiveCfg = Release|iPhoneSimulator
		{A8CD3DB6-B798-4830-8E9D-A65140F45A91}.Release|iPhoneSimulator.Build.0 = Release|iPhoneSimulator
		{BB7F9F76-841A-49F5-BF9F-EC8D08826CF1}.Ad-Hoc|iPhone.ActiveCfg = Ad-Hoc|iPhone
		{BB7F9F76-841A-49F5-BF9F-EC8D08826CF1}.Ad-Hoc|iPhone.Build.0 = Ad-Hoc|iPhone
		{BB7F9F76-841A-49F5-BF9F-EC8D08826CF1}.AppStore|iPhone.ActiveCfg = AppStore|iPhone
		{BB7F9F76-841A-49F5-BF9F-EC8D08826CF1}.AppStore|iPhone.Build.0 = AppStore|iPhone
		{BB7F9F76-841A-49F5-BF9F-EC8D08826CF1}.Debug|Any CPU.ActiveCfg = Debug|iPhoneSimulator
		{BB7F9F76-841A-49F5-BF9F-EC8D08826CF1}.Debug|Any CPU.Build.0 = Debug|iPhoneSimulator
		{BB7F9F76-841A-49F5-BF9F-EC8D08826CF1}.Debug|iPhone.ActiveCfg = Debug|iPhone
		{BB7F9F76-841A-49F5-BF9F-EC8D08826CF1}.Debug|iPhone.Build.0 = Debug|iPhone
		{BB7F9F76-841A-49F5-BF9F-EC8D08826CF1}.Debug|iPhoneSimulator.ActiveCfg = Debug|iPhoneSimulator
		{BB7F9F76-841A-49F5-BF9F-EC8D08826CF1}.Debug|iPhoneSimulator.Build.0 = Debug|iPhoneSimulator
		{BB7F9F76-841A-49F5-BF9F-EC8D08826CF1}.Release|Any CPU.ActiveCfg = Release|iPhoneSimulator
		{BB7F9F76-841A-49F5-BF9F-EC8D08826CF1}.Release|Any CPU.Build.0 = Release|iPhoneSimulator
		{BB7F9F76-841A-49F5-BF9F-EC8D08826CF1}.Release|iPhone.ActiveCfg = Release|iPhone
		{BB7F9F76-841A-49F5-BF9F-EC8D08826CF1}.Release|iPhone.Build.0 = Release|iPhone
		{BB7F9F76-841A-49F5-BF9F-EC8D08826CF1}.Release|iPhoneSimulator.ActiveCfg = Release|iPhoneSimulator
		{BB7F9F76-841A-49F5-BF9F-EC8D08826CF1}.Release|iPhoneSimulator.Build.0 = Release|iPhoneSimulator
		{E522B3C1-6323-4340-B285-241ADD54D0BB}.Ad-Hoc|iPhone.ActiveCfg = Ad-Hoc|iPhone
		{E522B3C1-6323-4340-B285-241ADD54D0BB}.Ad-Hoc|iPhone.Build.0 = Ad-Hoc|iPhone
		{E522B3C1-6323-4340-B285-241ADD54D0BB}.AppStore|iPhone.ActiveCfg = AppStore|iPhone
		{E522B3C1-6323-4340-B285-241ADD54D0BB}.AppStore|iPhone.Build.0 = AppStore|iPhone
		{E522B3C1-6323-4340-B285-241ADD54D0BB}.Debug|Any CPU.ActiveCfg = Debug|iPhoneSimulator
		{E522B3C1-6323-4340-B285-241ADD54D0BB}.Debug|Any CPU.Build.0 = Debug|iPhoneSimulator
		{E522B3C1-6323-4340-B285-241ADD54D0BB}.Debug|iPhone.ActiveCfg = Debug|iPhone
		{E522B3C1-6323-4340-B285-241ADD54D0BB}.Debug|iPhone.Build.0 = Debug|iPhone
		{E522B3C1-6323-4340-B285-241ADD54D0BB}.Debug|iPhoneSimulator.ActiveCfg = Debug|iPhoneSimulator
		{E522B3C1-6323-4340-B285-241ADD54D0BB}.Debug|iPhoneSimulator.Build.0 = Debug|iPhoneSimulator
		{E522B3C1-6323-4340-B285-241ADD54D0BB}.Release|Any CPU.ActiveCfg = Release|iPhoneSimulator
		{E522B3C1-6323-4340-B285-241ADD54D0BB}.Release|Any CPU.Build.0 = Release|iPhoneSimulator
		{E522B3C1-6323-4340-B285-241ADD54D0BB}.Release|iPhone.ActiveCfg = Release|iPhone
		{E522B3C1-6323-4340-B285-241ADD54D0BB}.Release|iPhone.Build.0 = Release|iPhone
		{E522B3C1-6323-4340-B285-241ADD54D0BB}.Release|iPhoneSimulator.ActiveCfg = Release|iPhoneSimulator
		{E522B3C1-6323-4340-B285-241ADD54D0BB}.Release|iPhoneSimulator.Build.0 = Release|iPhoneSimulator
		{EB063F15-F071-4DC8-B27E-C9EE1F4A3973}.Ad-Hoc|iPhone.ActiveCfg = Ad-Hoc|iPhone
		{EB063F15-F071-4DC8-B27E-C9EE1F4A3973}.Ad-Hoc|iPhone.Build.0 = Ad-Hoc|iPhone
		{EB063F15-F071-4DC8-B27E-C9EE1F4A3973}.AppStore|iPhone.ActiveCfg = AppStore|iPhone
		{EB063F15-F071-4DC8-B27E-C9EE1F4A3973}.AppStore|iPhone.Build.0 = AppStore|iPhone
		{EB063F15-F071-4DC8-B27E-C9EE1F4A3973}.Debug|Any CPU.ActiveCfg = Debug|iPhoneSimulator
		{EB063F15-F071-4DC8-B27E-C9EE1F4A3973}.Debug|Any CPU.Build.0 = Debug|iPhoneSimulator
		{EB063F15-F071-4DC8-B27E-C9EE1F4A3973}.Debug|iPhone.ActiveCfg = Debug|iPhone
		{EB063F15-F071-4DC8-B27E-C9EE1F4A3973}.Debug|iPhone.Build.0 = Debug|iPhone
		{EB063F15-F071-4DC8-B27E-C9EE1F4A3973}.Debug|iPhoneSimulator.ActiveCfg = Debug|iPhoneSimulator
		{EB063F15-F071-4DC8-B27E-C9EE1F4A3973}.Debug|iPhoneSimulator.Build.0 = Debug|iPhoneSimulator
		{EB063F15-F071-4DC8-B27E-C9EE1F4A3973}.Release|Any CPU.ActiveCfg = Release|iPhoneSimulator
		{EB063F15-F071-4DC8-B27E-C9EE1F4A3973}.Release|Any CPU.Build.0 = Release|iPhoneSimulator
		{EB063F15-F071-4DC8-B27E-C9EE1F4A3973}.Release|iPhone.ActiveCfg = Release|iPhone
		{EB063F15-F071-4DC8-B27E-C9EE1F4A3973}.Release|iPhone.Build.0 = Release|iPhone
		{EB063F15-F071-4DC8-B27E-C9EE1F4A3973}.Release|iPhoneSimulator.ActiveCfg = Release|iPhoneSimulator
		{EB063F15-F071-4DC8-B27E-C9EE1F4A3973}.Release|iPhoneSimulator.Build.0 = Release|iPhoneSimulator
		{F24F2976-D699-4074-BE87-3E866FDA13E8}.Ad-Hoc|iPhone.ActiveCfg = Ad-Hoc|iPhone
		{F24F2976-D699-4074-BE87-3E866FDA13E8}.Ad-Hoc|iPhone.Build.0 = Ad-Hoc|iPhone
		{F24F2976-D699-4074-BE87-3E866FDA13E8}.AppStore|iPhone.ActiveCfg = AppStore|iPhone
		{F24F2976-D699-4074-BE87-3E866FDA13E8}.AppStore|iPhone.Build.0 = AppStore|iPhone
		{F24F2976-D699-4074-BE87-3E866FDA13E8}.Debug|Any CPU.ActiveCfg = Debug|iPhoneSimulator
		{F24F2976-D699-4074-BE87-3E866FDA13E8}.Debug|Any CPU.Build.0 = Debug|iPhoneSimulator
		{F24F2976-D699-4074-BE87-3E866FDA13E8}.Debug|iPhone.ActiveCfg = Debug|iPhone
		{F24F2976-D699-4074-BE87-3E866FDA13E8}.Debug|iPhone.Build.0 = Debug|iPhone
		{F24F2976-D699-4074-BE87-3E866FDA13E8}.Debug|iPhoneSimulator.ActiveCfg = Debug|iPhoneSimulator
		{F24F2976-D699-4074-BE87-3E866FDA13E8}.Debug|iPhoneSimulator.Build.0 = Debug|iPhoneSimulator
		{F24F2976-D699-4074-BE87-3E866FDA13E8}.Release|Any CPU.ActiveCfg = Release|iPhoneSimulator
		{F24F2976-D699-4074-BE87-3E866FDA13E8}.Release|Any CPU.Build.0 = Release|iPhoneSimulator
		{F24F2976-D699-4074-BE87-3E866FDA13E8}.Release|iPhone.ActiveCfg = Release|iPhone
		{F24F2976-D699-4074-BE87-3E866FDA13E8}.Release|iPhone.Build.0 = Release|iPhone
		{F24F2976-D699-4074-BE87-3E866FDA13E8}.Release|iPhoneSimulator.ActiveCfg = Release|iPhoneSimulator
		{F24F2976-D699-4074-BE87-3E866FDA13E8}.Release|iPhoneSimulator.Build.0 = Release|iPhoneSimulator
		{63BBF17D-D267-4FF8-B67E-77B7703E0697}.Ad-Hoc|iPhone.ActiveCfg = Release|Any CPU
		{63BBF17D-D267-4FF8-B67E-77B7703E0697}.Ad-Hoc|iPhone.Build.0 = Release|Any CPU
		{63BBF17D-D267-4FF8-B67E-77B7703E0697}.AppStore|iPhone.ActiveCfg = Release|Any CPU
		{63BBF17D-D267-4FF8-B67E-77B7703E0697}.AppStore|iPhone.Build.0 = Release|Any CPU
		{63BBF17D-D267-4FF8-B67E-77B7703E0697}.Debug|Any CPU.ActiveCfg = Debug|Any CPU
		{63BBF17D-D267-4FF8-B67E-77B7703E0697}.Debug|Any CPU.Build.0 = Debug|Any CPU
		{63BBF17D-D267-4FF8-B67E-77B7703E0697}.Debug|iPhone.ActiveCfg = Debug|Any CPU
		{63BBF17D-D267-4FF8-B67E-77B7703E0697}.Debug|iPhone.Build.0 = Debug|Any CPU
		{63BBF17D-D267-4FF8-B67E-77B7703E0697}.Debug|iPhoneSimulator.ActiveCfg = Debug|Any CPU
		{63BBF17D-D267-4FF8-B67E-77B7703E0697}.Debug|iPhoneSimulator.Build.0 = Debug|Any CPU
		{63BBF17D-D267-4FF8-B67E-77B7703E0697}.Release|Any CPU.ActiveCfg = Release|Any CPU
		{63BBF17D-D267-4FF8-B67E-77B7703E0697}.Release|Any CPU.Build.0 = Release|Any CPU
		{63BBF17D-D267-4FF8-B67E-77B7703E0697}.Release|iPhone.ActiveCfg = Release|Any CPU
		{63BBF17D-D267-4FF8-B67E-77B7703E0697}.Release|iPhone.Build.0 = Release|Any CPU
		{63BBF17D-D267-4FF8-B67E-77B7703E0697}.Release|iPhoneSimulator.ActiveCfg = Release|Any CPU
		{63BBF17D-D267-4FF8-B67E-77B7703E0697}.Release|iPhoneSimulator.Build.0 = Release|Any CPU
	EndGlobalSection
	GlobalSection(NestedProjects) = preSolution
		{E118BD8B-CFB1-4EDB-ADD7-FB608DB01357} = {12642A31-1BBB-424E-A751-93249D9052BC}
		{E51610F5-3268-4FCD-9959-A43DAD69EC9E} = {12642A31-1BBB-424E-A751-93249D9052BC}
		{7E56FFCA-3F49-4A5E-AF98-9A9381999149} = {E118BD8B-CFB1-4EDB-ADD7-FB608DB01357}
		{2FA19B23-D178-4148-AF51-6F92CE118ED6} = {E118BD8B-CFB1-4EDB-ADD7-FB608DB01357}
		{858D7C36-7DA7-4CCF-AB5C-F0D7E031CF7F} = {E118BD8B-CFB1-4EDB-ADD7-FB608DB01357}
		{8CDBD209-062C-455C-AA16-9BD46D0F37B2} = {E118BD8B-CFB1-4EDB-ADD7-FB608DB01357}
		{23C188F9-4C00-4003-B38F-4AA7C1FFA2CE} = {E118BD8B-CFB1-4EDB-ADD7-FB608DB01357}
		{1D8855A4-AD70-45DB-9014-00F4EB19A7FA} = {E118BD8B-CFB1-4EDB-ADD7-FB608DB01357}
		{029C07F4-0E33-4F88-8BC1-EFC35E49326B} = {E118BD8B-CFB1-4EDB-ADD7-FB608DB01357}
		{30142C5A-4CC6-4B43-AAFA-E5378C9C34E3} = {E51610F5-3268-4FCD-9959-A43DAD69EC9E}
		{EB063F15-F071-4DC8-B27E-C9EE1F4A3973} = {E51610F5-3268-4FCD-9959-A43DAD69EC9E}
		{A8CD3DB6-B798-4830-8E9D-A65140F45A91} = {E51610F5-3268-4FCD-9959-A43DAD69EC9E}
		{E522B3C1-6323-4340-B285-241ADD54D0BB} = {E51610F5-3268-4FCD-9959-A43DAD69EC9E}
		{83E8D975-0AC6-49B7-82E9-BBE0EFDC49FD} = {E51610F5-3268-4FCD-9959-A43DAD69EC9E}
		{BB7F9F76-841A-49F5-BF9F-EC8D08826CF1} = {E51610F5-3268-4FCD-9959-A43DAD69EC9E}
		{0DEA4B44-F49F-498C-B983-9A7815AD5687} = {E51610F5-3268-4FCD-9959-A43DAD69EC9E}
		{375C123D-4B83-48F1-AA94-9FD2B51BF031} = {E51610F5-3268-4FCD-9959-A43DAD69EC9E}
		{F24F2976-D699-4074-BE87-3E866FDA13E8} = {E51610F5-3268-4FCD-9959-A43DAD69EC9E}
	EndGlobalSection
	GlobalSection(MonoDevelopProperties) = preSolution
		StartupItem = Samples\iOS\LoadBalancing.Sample\LoadBalancing.Sample.csproj
	EndGlobalSection
EndGlobal
